
Microsoft Visual Studio Solution File, Format Version 12.00
# Visual Studio Version 16
VisualStudioVersion = 16.0.31005.135
MinimumVisualStudioVersion = 10.0.40219.1
Project("{9A19103F-16F7-4668-BE54-9A1E7A4F7556}") = "StoriesAPI", "StoriesAPI\StoriesAPI.csproj", "{72583395-B29F-4AEF-834F-C294DE9220C6}"
EndProject
Project("{FAE04EC0-301F-11D3-BF4B-00C04F79EFBC}") = "Tests", "Tests\Tests.csproj", "{572B06BC-FAB0-4F1A-9832-A955AE7A5000}"
EndProject
Global
	GlobalSection(SolutionConfigurationPlatforms) = preSolution
		Debug|Any CPU = Debug|Any CPU
		Release|Any CPU = Release|Any CPU
	EndGlobalSection
	GlobalSection(ProjectConfigurationPlatforms) = postSolution
		{72583395-B29F-4AEF-834F-C294DE9220C6}.Debug|Any CPU.ActiveCfg = Debug|Any CPU
		{72583395-B29F-4AEF-834F-C294DE9220C6}.Debug|Any CPU.Build.0 = Debug|Any CPU
		{72583395-B29F-4AEF-834F-C294DE9220C6}.Release|Any CPU.ActiveCfg = Release|Any CPU
		{72583395-B29F-4AEF-834F-C294DE9220C6}.Release|Any CPU.Build.0 = Release|Any CPU
		{572B06BC-FAB0-4F1A-9832-A955AE7A5000}.Debug|Any CPU.ActiveCfg = Debug|Any CPU
		{572B06BC-FAB0-4F1A-9832-A955AE7A5000}.Debug|Any CPU.Build.0 = Debug|Any CPU
		{572B06BC-FAB0-4F1A-9832-A955AE7A5000}.Release|Any CPU.ActiveCfg = Release|Any CPU
		{572B06BC-FAB0-4F1A-9832-A955AE7A5000}.Release|Any CPU.Build.0 = Release|Any CPU
	EndGlobalSection
	GlobalSection(SolutionProperties) = preSolution
		HideSolutionNode = FALSE
	EndGlobalSection
	GlobalSection(ExtensibilityGlobals) = postSolution
		SolutionGuid = {14B3528D-ED9B-44C1-840D-6493E11C50B7}
	EndGlobalSection
EndGlobal
